{
  "pins" : [
    {
      "identity" : "imagespm",
      "kind" : "remoteSourceControl",
      "location" : "https://github.com/Igdisanov/ImageSPM.git",
      "state" : {
        "revision" : "6c32177c1194e39d997f50fcf7264a691915eca3",
        "version" : "2.0.2"
      }
    },
    {
      "identity" : "kingfisher",
      "kind" : "remoteSourceControl",
      "location" : "https://github.com/onevcat/Kingfisher.git",
      "state" : {
        "revision" : "44e891bdb61426a95e31492a67c7c0dfad1f87c5",
        "version" : "7.4.1"
      }
    }
  ],
  "version" : 2
}
