{
  "pins" : [
    {
      "identity" : "imagespm",
      "kind" : "remoteSourceControl",
      "location" : "https://github.com/Igdisanov/ImageSPM.git",
      "state" : {
        "revision" : "b5ad581ee560725258c1d9f8c51c5e532261fff6",
        "version" : "3.1.0"
      }
    },
    {
      "identity" : "kingfisher",
      "kind" : "remoteSourceControl",
      "location" : "https://github.com/onevcat/Kingfisher.git",
      "state" : {
        "revision" : "44e891bdb61426a95e31492a67c7c0dfad1f87c5",
        "version" : "7.4.1"
      }
    }
  ],
  "version" : 2
}
