{
  "pins" : [
    {
      "identity" : "imagespm",
      "kind" : "remoteSourceControl",
      "location" : "https://github.com/Igdisanov/ImageSPM.git",
      "state" : {
        "revision" : "1bb6652054375212e3b2a04acdc1c8f5f39916bd",
        "version" : "3.2.0"
      }
    },
    {
      "identity" : "kingfisher",
      "kind" : "remoteSourceControl",
      "location" : "https://github.com/onevcat/Kingfisher.git",
      "state" : {
        "revision" : "44e891bdb61426a95e31492a67c7c0dfad1f87c5",
        "version" : "7.4.1"
      }
    }
  ],
  "version" : 2
}
