// !$*UTF8*$!
{
	archiveVersion = 1;
	classes = {
	};
	objectVersion = 56;
	objects = {

/* Begin PBXBuildFile section */
		5258E2C52934D4180079A786 /* AppDelegate.swift in Sources */ = {isa = PBXBuildFile; fileRef = 5258E2C42934D4180079A786 /* AppDelegate.swift */; };
		5258E2C72934D4180079A786 /* SceneDelegate.swift in Sources */ = {isa = PBXBuildFile; fileRef = 5258E2C62934D4180079A786 /* SceneDelegate.swift */; };
		5258E2CF2934D4190079A786 /* ImageForSfera.xcdatamodeld in Sources */ = {isa = PBXBuildFile; fileRef = 5258E2CD2934D4190079A786 /* ImageForSfera.xcdatamodeld */; };
		5258E2D42934D41B0079A786 /* LaunchScreen.storyboard in Resources */ = {isa = PBXBuildFile; fileRef = 5258E2D22934D41B0079A786 /* LaunchScreen.storyboard */; };
		528C14812948DBA700F176C7 /* ImageSPM in Frameworks */ = {isa = PBXBuildFile; productRef = 528C14802948DBA700F176C7 /* ImageSPM */; };
/* End PBXBuildFile section */

/* Begin PBXFileReference section */
		5258E2C12934D4180079A786 /* ImageForSfera.app */ = {isa = PBXFileReference; explicitFileType = wrapper.application; includeInIndex = 0; path = ImageForSfera.app; sourceTree = BUILT_PRODUCTS_DIR; };
		5258E2C42934D4180079A786 /* AppDelegate.swift */ = {isa = PBXFileReference; lastKnownFileType = sourcecode.swift; path = AppDelegate.swift; sourceTree = "<group>"; };
		5258E2C62934D4180079A786 /* SceneDelegate.swift */ = {isa = PBXFileReference; lastKnownFileType = sourcecode.swift; path = SceneDelegate.swift; sourceTree = "<group>"; };
		5258E2CE2934D4190079A786 /* ImageForSfera.xcdatamodel */ = {isa = PBXFileReference; lastKnownFileType = wrapper.xcdatamodel; path = ImageForSfera.xcdatamodel; sourceTree = "<group>"; };
		5258E2D32934D41B0079A786 /* Base */ = {isa = PBXFileReference; lastKnownFileType = file.storyboard; name = Base; path = Base.lproj/LaunchScreen.storyboard; sourceTree = "<group>"; };
		5258E2D52934D41B0079A786 /* Info.plist */ = {isa = PBXFileReference; lastKnownFileType = text.plist.xml; path = Info.plist; sourceTree = "<group>"; };
		528C147F2948DB9F00F176C7 /* ImageSPM */ = {isa = PBXFileReference; lastKnownFileType = wrapper; name = ImageSPM; path = ../ImageSPM; sourceTree = "<group>"; };
/* End PBXFileReference section */

/* Begin PBXFrameworksBuildPhase section */
		5258E2BE2934D4180079A786 /* Frameworks */ = {
			isa = PBXFrameworksBuildPhase;
			buildActionMask = 2147483647;
			files = (
				528C14812948DBA700F176C7 /* ImageSPM in Frameworks */,
			);
			runOnlyForDeploymentPostprocessing = 0;
		};
/* End PBXFrameworksBuildPhase section */

/* Begin PBXGroup section */
		5258E2B82934D4180079A786 = {
			isa = PBXGroup;
			children = (
				528C147E2948DB9F00F176C7 /* Packages */,
				5258E2C32934D4180079A786 /* ImageForSfera */,
				5258E2C22934D4180079A786 /* Products */,
				52A5FB272937ACFB009F823E /* Frameworks */,
			);
			sourceTree = "<group>";
		};
		5258E2C22934D4180079A786 /* Products */ = {
			isa = PBXGroup;
			children = (
				5258E2C12934D4180079A786 /* ImageForSfera.app */,
			);
			name = Products;
			sourceTree = "<group>";
		};
		5258E2C32934D4180079A786 /* ImageForSfera */ = {
			isa = PBXGroup;
			children = (
				5258E2DD2934D4BE0079A786 /* AppDelegate */,
				5258E2DE2934D4CA0079A786 /* Resources */,
				5258E2DC2934D4A80079A786 /* Supporting Files */,
				5258E2DF2934D52E0079A786 /* LaunchScreen */,
			);
			path = ImageForSfera;
			sourceTree = "<group>";
		};
		5258E2DC2934D4A80079A786 /* Supporting Files */ = {
			isa = PBXGroup;
			children = (
				5258E2D52934D41B0079A786 /* Info.plist */,
				5258E2CD2934D4190079A786 /* ImageForSfera.xcdatamodeld */,
			);
			path = "Supporting Files";
			sourceTree = "<group>";
		};
		5258E2DD2934D4BE0079A786 /* AppDelegate */ = {
			isa = PBXGroup;
			children = (
				5258E2C42934D4180079A786 /* AppDelegate.swift */,
				5258E2C62934D4180079A786 /* SceneDelegate.swift */,
			);
			path = AppDelegate;
			sourceTree = "<group>";
		};
		5258E2DE2934D4CA0079A786 /* Resources */ = {
			isa = PBXGroup;
			children = (
			);
			path = Resources;
			sourceTree = "<group>";
		};
		5258E2DF2934D52E0079A786 /* LaunchScreen */ = {
			isa = PBXGroup;
			children = (
				5258E2D22934D41B0079A786 /* LaunchScreen.storyboard */,
			);
			path = LaunchScreen;
			sourceTree = "<group>";
		};
		528C147E2948DB9F00F176C7 /* Packages */ = {
			isa = PBXGroup;
			children = (
				528C147F2948DB9F00F176C7 /* ImageSPM */,
			);
			name = Packages;
			sourceTree = "<group>";
		};
		52A5FB272937ACFB009F823E /* Frameworks */ = {
			isa = PBXGroup;
			children = (
			);
			name = Frameworks;
			sourceTree = "<group>";
		};
/* End PBXGroup section */

/* Begin PBXNativeTarget section */
		5258E2C02934D4180079A786 /* ImageForSfera */ = {
			isa = PBXNativeTarget;
			buildConfigurationList = 5258E2D82934D41B0079A786 /* Build configuration list for PBXNativeTarget "ImageForSfera" */;
			buildPhases = (
				5258E2BD2934D4180079A786 /* Sources */,
				5258E2BE2934D4180079A786 /* Frameworks */,
				5258E2BF2934D4180079A786 /* Resources */,
			);
			buildRules = (
			);
			dependencies = (
			);
			name = ImageForSfera;
			packageProductDependencies = (
				528C14802948DBA700F176C7 /* ImageSPM */,
			);
			productName = ImageForSfera;
			productReference = 5258E2C12934D4180079A786 /* ImageForSfera.app */;
			productType = "com.apple.product-type.application";
		};
/* End PBXNativeTarget section */

/* Begin PBXProject section */
		5258E2B92934D4180079A786 /* Project object */ = {
			isa = PBXProject;
			attributes = {
				BuildIndependentTargetsInParallel = 1;
				LastSwiftUpdateCheck = 1410;
				LastUpgradeCheck = 1410;
				TargetAttributes = {
					5258E2C02934D4180079A786 = {
						CreatedOnToolsVersion = 14.1;
					};
				};
			};
			buildConfigurationList = 5258E2BC2934D4180079A786 /* Build configuration list for PBXProject "ImageForSfera" */;
			compatibilityVersion = "Xcode 14.0";
			developmentRegion = en;
			hasScannedForEncodings = 0;
			knownRegions = (
				en,
				Base,
			);
			mainGroup = 5258E2B82934D4180079A786;
			packageReferences = (
			);
			productRefGroup = 5258E2C22934D4180079A786 /* Products */;
			projectDirPath = "";
			projectRoot = "";
			targets = (
				5258E2C02934D4180079A786 /* ImageForSfera */,
			);
		};
/* End PBXProject section */

/* Begin PBXResourcesBuildPhase section */
		5258E2BF2934D4180079A786 /* Resources */ = {
			isa = PBXResourcesBuildPhase;
			buildActionMask = 2147483647;
			files = (
				5258E2D42934D41B0079A786 /* LaunchScreen.storyboard in Resources */,
			);
			runOnlyForDeploymentPostprocessing = 0;
		};
/* End PBXResourcesBuildPhase section */

/* Begin PBXSourcesBuildPhase section */
		5258E2BD2934D4180079A786 /* Sources */ = {
			isa = PBXSourcesBuildPhase;
			buildActionMask = 2147483647;
			files = (
				5258E2CF2934D4190079A786 /* ImageForSfera.xcdatamodeld in Sources */,
				5258E2C52934D4180079A786 /* AppDelegate.swift in Sources */,
				5258E2C72934D4180079A786 /* SceneDelegate.swift in Sources */,
			);
			runOnlyForDeploymentPostprocessing = 0;
		};
/* End PBXSourcesBuildPhase section */

/* Begin PBXVariantGroup section */
		5258E2D22934D41B0079A786 /* LaunchScreen.storyboard */ = {
			isa = PBXVariantGroup;
			children = (
				5258E2D32934D41B0079A786 /* Base */,
			);
			name = LaunchScreen.storyboard;
			sourceTree = "<group>";
		};
/* End PBXVariantGroup section */

/* Begin XCBuildConfiguration section */
		5258E2D62934D41B0079A786 /* Debug */ = {
			isa = XCBuildConfiguration;
			buildSettings = {
				ALWAYS_SEARCH_USER_PATHS = NO;
				CLANG_ANALYZER_NONNULL = YES;
				CLANG_ANALYZER_NUMBER_OBJECT_CONVERSION = YES_AGGRESSIVE;
				CLANG_CXX_LANGUAGE_STANDARD = "gnu++20";
				CLANG_ENABLE_MODULES = YES;
				CLANG_ENABLE_OBJC_ARC = YES;
				CLANG_ENABLE_OBJC_WEAK = YES;
				CLANG_WARN_BLOCK_CAPTURE_AUTORELEASING = YES;
				CLANG_WARN_BOOL_CONVERSION = YES;
				CLANG_WARN_COMMA = YES;
				CLANG_WARN_CONSTANT_CONVERSION = YES;
				CLANG_WARN_DEPRECATED_OBJC_IMPLEMENTATIONS = YES;
				CLANG_WARN_DIRECT_OBJC_ISA_USAGE = YES_ERROR;
				CLANG_WARN_DOCUMENTATION_COMMENTS = YES;
				CLANG_WARN_EMPTY_BODY = YES;
				CLANG_WARN_ENUM_CONVERSION = YES;
				CLANG_WARN_INFINITE_RECURSION = YES;
				CLANG_WARN_INT_CONVERSION = YES;
				CLANG_WARN_NON_LITERAL_NULL_CONVERSION = YES;
				CLANG_WARN_OBJC_IMPLICIT_RETAIN_SELF = YES;
				CLANG_WARN_OBJC_LITERAL_CONVERSION = YES;
				CLANG_WARN_OBJC_ROOT_CLASS = YES_ERROR;
				CLANG_WARN_QUOTED_INCLUDE_IN_FRAMEWORK_HEADER = YES;
				CLANG_WARN_RANGE_LOOP_ANALYSIS = YES;
				CLANG_WARN_STRICT_PROTOTYPES = YES;
				CLANG_WARN_SUSPICIOUS_MOVE = YES;
				CLANG_WARN_UNGUARDED_AVAILABILITY = YES_AGGRESSIVE;
				CLANG_WARN_UNREACHABLE_CODE = YES;
				CLANG_WARN__DUPLICATE_METHOD_MATCH = YES;
				COPY_PHASE_STRIP = NO;
				DEBUG_INFORMATION_FORMAT = dwarf;
				ENABLE_STRICT_OBJC_MSGSEND = YES;
				ENABLE_TESTABILITY = YES;
				GCC_C_LANGUAGE_STANDARD = gnu11;
				GCC_DYNAMIC_NO_PIC = NO;
				GCC_NO_COMMON_BLOCKS = YES;
				GCC_OPTIMIZATION_LEVEL = 0;
				GCC_PREPROCESSOR_DEFINITIONS = (
					"DEBUG=1",
					"$(inherited)",
				);
				GCC_WARN_64_TO_32_BIT_CONVERSION = YES;
				GCC_WARN_ABOUT_RETURN_TYPE = YES_ERROR;
				GCC_WARN_UNDECLARED_SELECTOR = YES;
				GCC_WARN_UNINITIALIZED_AUTOS = YES_AGGRESSIVE;
				GCC_WARN_UNUSED_FUNCTION = YES;
				GCC_WARN_UNUSED_VARIABLE = YES;
				IPHONEOS_DEPLOYMENT_TARGET = 13.0;
				MTL_ENABLE_DEBUG_INFO = INCLUDE_SOURCE;
				MTL_FAST_MATH = YES;
				ONLY_ACTIVE_ARCH = YES;
				SDKROOT = iphoneos;
				SWIFT_ACTIVE_COMPILATION_CONDITIONS = DEBUG;
				SWIFT_OPTIMIZATION_LEVEL = "-Onone";
			};
			name = Debug;
		};
		5258E2D72934D41B0079A786 /* Release */ = {
			isa = XCBuildConfiguration;
			buildSettings = {
				ALWAYS_SEARCH_USER_PATHS = NO;
				CLANG_ANALYZER_NONNULL = YES;
				CLANG_ANALYZER_NUMBER_OBJECT_CONVERSION = YES_AGGRESSIVE;
				CLANG_CXX_LANGUAGE_STANDARD = "gnu++20";
				CLANG_ENABLE_MODULES = YES;
				CLANG_ENABLE_OBJC_ARC = YES;
				CLANG_ENABLE_OBJC_WEAK = YES;
				CLANG_WARN_BLOCK_CAPTURE_AUTORELEASING = YES;
				CLANG_WARN_BOOL_CONVERSION = YES;
				CLANG_WARN_COMMA = YES;
				CLANG_WARN_CONSTANT_CONVERSION = YES;
				CLANG_WARN_DEPRECATED_OBJC_IMPLEMENTATIONS = YES;
				CLANG_WARN_DIRECT_OBJC_ISA_USAGE = YES_ERROR;
				CLANG_WARN_DOCUMENTATION_COMMENTS = YES;
				CLANG_WARN_EMPTY_BODY = YES;
				CLANG_WARN_ENUM_CONVERSION = YES;
				CLANG_WARN_INFINITE_RECURSION = YES;
				CLANG_WARN_INT_CONVERSION = YES;
				CLANG_WARN_NON_LITERAL_NULL_CONVERSION = YES;
				CLANG_WARN_OBJC_IMPLICIT_RETAIN_SELF = YES;
				CLANG_WARN_OBJC_LITERAL_CONVERSION = YES;
				CLANG_WARN_OBJC_ROOT_CLASS = YES_ERROR;
				CLANG_WARN_QUOTED_INCLUDE_IN_FRAMEWORK_HEADER = YES;
				CLANG_WARN_RANGE_LOOP_ANALYSIS = YES;
				CLANG_WARN_STRICT_PROTOTYPES = YES;
				CLANG_WARN_SUSPICIOUS_MOVE = YES;
				CLANG_WARN_UNGUARDED_AVAILABILITY = YES_AGGRESSIVE;
				CLANG_WARN_UNREACHABLE_CODE = YES;
				CLANG_WARN__DUPLICATE_METHOD_MATCH = YES;
				COPY_PHASE_STRIP = NO;
				DEBUG_INFORMATION_FORMAT = "dwarf-with-dsym";
				ENABLE_NS_ASSERTIONS = NO;
				ENABLE_STRICT_OBJC_MSGSEND = YES;
				GCC_C_LANGUAGE_STANDARD = gnu11;
				GCC_NO_COMMON_BLOCKS = YES;
				GCC_WARN_64_TO_32_BIT_CONVERSION = YES;
				GCC_WARN_ABOUT_RETURN_TYPE = YES_ERROR;
				GCC_WARN_UNDECLARED_SELECTOR = YES;
				GCC_WARN_UNINITIALIZED_AUTOS = YES_AGGRESSIVE;
				GCC_WARN_UNUSED_FUNCTION = YES;
				GCC_WARN_UNUSED_VARIABLE = YES;
				IPHONEOS_DEPLOYMENT_TARGET = 13.0;
				MTL_ENABLE_DEBUG_INFO = NO;
				MTL_FAST_MATH = YES;
				SDKROOT = iphoneos;
				SWIFT_COMPILATION_MODE = wholemodule;
				SWIFT_OPTIMIZATION_LEVEL = "-O";
				VALIDATE_PRODUCT = YES;
			};
			name = Release;
		};
		5258E2D92934D41B0079A786 /* Debug */ = {
			isa = XCBuildConfiguration;
			buildSettings = {
				ASSETCATALOG_COMPILER_APPICON_NAME = AppIcon;
				ASSETCATALOG_COMPILER_GLOBAL_ACCENT_COLOR_NAME = AccentColor;
				CODE_SIGN_STYLE = Automatic;
				CURRENT_PROJECT_VERSION = 1;
				DEVELOPMENT_TEAM = 7QYBSPPC5D;
				GENERATE_INFOPLIST_FILE = YES;
				INFOPLIST_FILE = "ImageForSfera/Supporting Files/Info.plist";
				INFOPLIST_KEY_UIApplicationSupportsIndirectInputEvents = YES;
				INFOPLIST_KEY_UILaunchStoryboardName = LaunchScreen;
				INFOPLIST_KEY_UIMainStoryboardFile = "";
				INFOPLIST_KEY_UISupportedInterfaceOrientations_iPad = "UIInterfaceOrientationPortrait UIInterfaceOrientationPortraitUpsideDown UIInterfaceOrientationLandscapeLeft UIInterfaceOrientationLandscapeRight";
				INFOPLIST_KEY_UISupportedInterfaceOrientations_iPhone = "UIInterfaceOrientationPortrait UIInterfaceOrientationLandscapeLeft UIInterfaceOrientationLandscapeRight";
				IPHONEOS_DEPLOYMENT_TARGET = 13.0;
				LD_RUNPATH_SEARCH_PATHS = (
					"$(inherited)",
					"@executable_path/Frameworks",
				);
				MARKETING_VERSION = 1.0;
				PRODUCT_BUNDLE_IDENTIFIER = Igdisanov.ImageForSfera;
				PRODUCT_NAME = "$(TARGET_NAME)";
				SWIFT_EMIT_LOC_STRINGS = YES;
				SWIFT_VERSION = 5.0;
				TARGETED_DEVICE_FAMILY = "1,2";
			};
			name = Debug;
		};
		5258E2DA2934D41B0079A786 /* Release */ = {
			isa = XCBuildConfiguration;
			buildSettings = {
				ASSETCATALOG_COMPILER_APPICON_NAME = AppIcon;
				ASSETCATALOG_COMPILER_GLOBAL_ACCENT_COLOR_NAME = AccentColor;
				CODE_SIGN_STYLE = Automatic;
				CURRENT_PROJECT_VERSION = 1;
				DEVELOPMENT_TEAM = 7QYBSPPC5D;
				GENERATE_INFOPLIST_FILE = YES;
				INFOPLIST_FILE = "ImageForSfera/Supporting Files/Info.plist";
				INFOPLIST_KEY_UIApplicationSupportsIndirectInputEvents = YES;
				INFOPLIST_KEY_UILaunchStoryboardName = LaunchScreen;
				INFOPLIST_KEY_UIMainStoryboardFile = "";
				INFOPLIST_KEY_UISupportedInterfaceOrientations_iPad = "UIInterfaceOrientationPortrait UIInterfaceOrientationPortraitUpsideDown UIInterfaceOrientationLandscapeLeft UIInterfaceOrientationLandscapeRight";
				INFOPLIST_KEY_UISupportedInterfaceOrientations_iPhone = "UIInterfaceOrientationPortrait UIInterfaceOrientationLandscapeLeft UIInterfaceOrientationLandscapeRight";
				IPHONEOS_DEPLOYMENT_TARGET = 13.0;
				LD_RUNPATH_SEARCH_PATHS = (
					"$(inherited)",
					"@executable_path/Frameworks",
				);
				MARKETING_VERSION = 1.0;
				PRODUCT_BUNDLE_IDENTIFIER = Igdisanov.ImageForSfera;
				PRODUCT_NAME = "$(TARGET_NAME)";
				SWIFT_EMIT_LOC_STRINGS = YES;
				SWIFT_VERSION = 5.0;
				TARGETED_DEVICE_FAMILY = "1,2";
			};
			name = Release;
		};
/* End XCBuildConfiguration section */

/* Begin XCConfigurationList section */
		5258E2BC2934D4180079A786 /* Build configuration list for PBXProject "ImageForSfera" */ = {
			isa = XCConfigurationList;
			buildConfigurations = (
				5258E2D62934D41B0079A786 /* Debug */,
				5258E2D72934D41B0079A786 /* Release */,
			);
			defaultConfigurationIsVisible = 0;
			defaultConfigurationName = Release;
		};
		5258E2D82934D41B0079A786 /* Build configuration list for PBXNativeTarget "ImageForSfera" */ = {
			isa = XCConfigurationList;
			buildConfigurations = (
				5258E2D92934D41B0079A786 /* Debug */,
				5258E2DA2934D41B0079A786 /* Release */,
			);
			defaultConfigurationIsVisible = 0;
			defaultConfigurationName = Release;
		};
/* End XCConfigurationList section */

/* Begin XCSwiftPackageProductDependency section */
		528C14802948DBA700F176C7 /* ImageSPM */ = {
			isa = XCSwiftPackageProductDependency;
			productName = ImageSPM;
		};
/* End XCSwiftPackageProductDependency section */

/* Begin XCVersionGroup section */
		5258E2CD2934D4190079A786 /* ImageForSfera.xcdatamodeld */ = {
			isa = XCVersionGroup;
			children = (
				5258E2CE2934D4190079A786 /* ImageForSfera.xcdatamodel */,
			);
			currentVersion = 5258E2CE2934D4190079A786 /* ImageForSfera.xcdatamodel */;
			path = ImageForSfera.xcdatamodeld;
			sourceTree = "<group>";
			versionGroupType = wrapper.xcdatamodel;
		};
/* End XCVersionGroup section */
	};
	rootObject = 5258E2B92934D4180079A786 /* Project object */;
}
